
Microsoft Visual Studio Solution File, Format Version 12.00
# Visual Studio Version 16
VisualStudioVersion = 25.0.1706.9
MinimumVisualStudioVersion = 10.0.40219.1
Project("{FAE04EC0-301F-11D3-BF4B-00C04F79EFBC}") = "CostCalculatorProject", "CostCalculatorProject\CostCalculatorProject.csproj", "{C067B31F-FCB8-497C-BBB3-D06E0B78110C}"
EndProject
Global
	GlobalSection(SolutionConfigurationPlatforms) = preSolution
		Debug|Any CPU = Debug|Any CPU
		Release|Any CPU = Release|Any CPU
	EndGlobalSection
	GlobalSection(ProjectConfigurationPlatforms) = postSolution
		{C067B31F-FCB8-497C-BBB3-D06E0B78110C}.Debug|Any CPU.ActiveCfg = Debug|Any CPU
		{C067B31F-FCB8-497C-BBB3-D06E0B78110C}.Debug|Any CPU.Build.0 = Debug|Any CPU
		{C067B31F-FCB8-497C-BBB3-D06E0B78110C}.Release|Any CPU.ActiveCfg = Release|Any CPU
		{C067B31F-FCB8-497C-BBB3-D06E0B78110C}.Release|Any CPU.Build.0 = Release|Any CPU
	EndGlobalSection
	GlobalSection(SolutionProperties) = preSolution
		HideSolutionNode = FALSE
	EndGlobalSection
	GlobalSection(ExtensibilityGlobals) = postSolution
		SolutionGuid = {2C74B845-7257-4CB4-B105-564497984318}
	EndGlobalSection
EndGlobal
